
Microsoft Visual Studio Solution File, Format Version 12.00
# Visual Studio 15
VisualStudioVersion = 15.0.28010.2046
MinimumVisualStudioVersion = 10.0.40219.1
Project("{FAE04EC0-301F-11D3-BF4B-00C04F79EFBC}") = "AghWeatherApp.Android", "AghWeatherApp\AghWeatherApp.Android\AghWeatherApp.Android.csproj", "{24CE3C36-16B9-426D-AA0C-5961ECF8D88C}"
EndProject
Project("{FAE04EC0-301F-11D3-BF4B-00C04F79EFBC}") = "AghWeatherApp.iOS", "AghWeatherApp\AghWeatherApp.iOS\AghWeatherApp.iOS.csproj", "{5CB68CF5-1A87-42E2-93A5-58B06C255516}"
EndProject
Project("{9A19103F-16F7-4668-BE54-9A1E7A4F7556}") = "AghWeatherApp", "AghWeatherApp\AghWeatherApp\AghWeatherApp.csproj", "{B61C1BF2-AF7E-4375-B277-241A800B683A}"
EndProject
Global
	GlobalSection(SolutionConfigurationPlatforms) = preSolution
		Debug|Any CPU = Debug|Any CPU
		Debug|iPhone = Debug|iPhone
		Debug|iPhoneSimulator = Debug|iPhoneSimulator
		Release|Any CPU = Release|Any CPU
		Release|iPhone = Release|iPhone
		Release|iPhoneSimulator = Release|iPhoneSimulator
	EndGlobalSection
	GlobalSection(ProjectConfigurationPlatforms) = postSolution
		{24CE3C36-16B9-426D-AA0C-5961ECF8D88C}.Debug|Any CPU.ActiveCfg = Debug|Any CPU
		{24CE3C36-16B9-426D-AA0C-5961ECF8D88C}.Debug|Any CPU.Build.0 = Debug|Any CPU
		{24CE3C36-16B9-426D-AA0C-5961ECF8D88C}.Debug|Any CPU.Deploy.0 = Debug|Any CPU
		{24CE3C36-16B9-426D-AA0C-5961ECF8D88C}.Debug|iPhone.ActiveCfg = Debug|Any CPU
		{24CE3C36-16B9-426D-AA0C-5961ECF8D88C}.Debug|iPhone.Build.0 = Debug|Any CPU
		{24CE3C36-16B9-426D-AA0C-5961ECF8D88C}.Debug|iPhone.Deploy.0 = Debug|Any CPU
		{24CE3C36-16B9-426D-AA0C-5961ECF8D88C}.Debug|iPhoneSimulator.ActiveCfg = Debug|Any CPU
		{24CE3C36-16B9-426D-AA0C-5961ECF8D88C}.Debug|iPhoneSimulator.Build.0 = Debug|Any CPU
		{24CE3C36-16B9-426D-AA0C-5961ECF8D88C}.Debug|iPhoneSimulator.Deploy.0 = Debug|Any CPU
		{24CE3C36-16B9-426D-AA0C-5961ECF8D88C}.Release|Any CPU.ActiveCfg = Release|Any CPU
		{24CE3C36-16B9-426D-AA0C-5961ECF8D88C}.Release|Any CPU.Build.0 = Release|Any CPU
		{24CE3C36-16B9-426D-AA0C-5961ECF8D88C}.Release|Any CPU.Deploy.0 = Release|Any CPU
		{24CE3C36-16B9-426D-AA0C-5961ECF8D88C}.Release|iPhone.ActiveCfg = Release|Any CPU
		{24CE3C36-16B9-426D-AA0C-5961ECF8D88C}.Release|iPhone.Build.0 = Release|Any CPU
		{24CE3C36-16B9-426D-AA0C-5961ECF8D88C}.Release|iPhone.Deploy.0 = Release|Any CPU
		{24CE3C36-16B9-426D-AA0C-5961ECF8D88C}.Release|iPhoneSimulator.ActiveCfg = Release|Any CPU
		{24CE3C36-16B9-426D-AA0C-5961ECF8D88C}.Release|iPhoneSimulator.Build.0 = Release|Any CPU
		{24CE3C36-16B9-426D-AA0C-5961ECF8D88C}.Release|iPhoneSimulator.Deploy.0 = Release|Any CPU
		{5CB68CF5-1A87-42E2-93A5-58B06C255516}.Debug|Any CPU.ActiveCfg = Debug|iPhoneSimulator
		{5CB68CF5-1A87-42E2-93A5-58B06C255516}.Debug|Any CPU.Build.0 = Debug|iPhoneSimulator
		{5CB68CF5-1A87-42E2-93A5-58B06C255516}.Debug|Any CPU.Deploy.0 = Debug|iPhoneSimulator
		{5CB68CF5-1A87-42E2-93A5-58B06C255516}.Debug|iPhone.ActiveCfg = Debug|iPhone
		{5CB68CF5-1A87-42E2-93A5-58B06C255516}.Debug|iPhone.Build.0 = Debug|iPhone
		{5CB68CF5-1A87-42E2-93A5-58B06C255516}.Debug|iPhone.Deploy.0 = Debug|iPhone
		{5CB68CF5-1A87-42E2-93A5-58B06C255516}.Debug|iPhoneSimulator.ActiveCfg = Debug|iPhoneSimulator
		{5CB68CF5-1A87-42E2-93A5-58B06C255516}.Debug|iPhoneSimulator.Build.0 = Debug|iPhoneSimulator
		{5CB68CF5-1A87-42E2-93A5-58B06C255516}.Debug|iPhoneSimulator.Deploy.0 = Debug|iPhoneSimulator
		{5CB68CF5-1A87-42E2-93A5-58B06C255516}.Release|Any CPU.ActiveCfg = Release|iPhone
		{5CB68CF5-1A87-42E2-93A5-58B06C255516}.Release|Any CPU.Build.0 = Release|iPhone
		{5CB68CF5-1A87-42E2-93A5-58B06C255516}.Release|Any CPU.Deploy.0 = Release|iPhone
		{5CB68CF5-1A87-42E2-93A5-58B06C255516}.Release|iPhone.ActiveCfg = Release|iPhone
		{5CB68CF5-1A87-42E2-93A5-58B06C255516}.Release|iPhone.Build.0 = Release|iPhone
		{5CB68CF5-1A87-42E2-93A5-58B06C255516}.Release|iPhone.Deploy.0 = Release|iPhone
		{5CB68CF5-1A87-42E2-93A5-58B06C255516}.Release|iPhoneSimulator.ActiveCfg = Release|iPhoneSimulator
		{5CB68CF5-1A87-42E2-93A5-58B06C255516}.Release|iPhoneSimulator.Build.0 = Release|iPhoneSimulator
		{5CB68CF5-1A87-42E2-93A5-58B06C255516}.Release|iPhoneSimulator.Deploy.0 = Release|iPhoneSimulator
		{B61C1BF2-AF7E-4375-B277-241A800B683A}.Debug|Any CPU.ActiveCfg = Debug|Any CPU
		{B61C1BF2-AF7E-4375-B277-241A800B683A}.Debug|Any CPU.Build.0 = Debug|Any CPU
		{B61C1BF2-AF7E-4375-B277-241A800B683A}.Debug|Any CPU.Deploy.0 = Debug|Any CPU
		{B61C1BF2-AF7E-4375-B277-241A800B683A}.Debug|iPhone.ActiveCfg = Debug|Any CPU
		{B61C1BF2-AF7E-4375-B277-241A800B683A}.Debug|iPhone.Build.0 = Debug|Any CPU
		{B61C1BF2-AF7E-4375-B277-241A800B683A}.Debug|iPhone.Deploy.0 = Debug|Any CPU
		{B61C1BF2-AF7E-4375-B277-241A800B683A}.Debug|iPhoneSimulator.ActiveCfg = Debug|Any CPU
		{B61C1BF2-AF7E-4375-B277-241A800B683A}.Debug|iPhoneSimulator.Build.0 = Debug|Any CPU
		{B61C1BF2-AF7E-4375-B277-241A800B683A}.Debug|iPhoneSimulator.Deploy.0 = Debug|Any CPU
		{B61C1BF2-AF7E-4375-B277-241A800B683A}.Release|Any CPU.ActiveCfg = Release|Any CPU
		{B61C1BF2-AF7E-4375-B277-241A800B683A}.Release|Any CPU.Build.0 = Release|Any CPU
		{B61C1BF2-AF7E-4375-B277-241A800B683A}.Release|Any CPU.Deploy.0 = Release|Any CPU
		{B61C1BF2-AF7E-4375-B277-241A800B683A}.Release|iPhone.ActiveCfg = Release|Any CPU
		{B61C1BF2-AF7E-4375-B277-241A800B683A}.Release|iPhone.Build.0 = Release|Any CPU
		{B61C1BF2-AF7E-4375-B277-241A800B683A}.Release|iPhone.Deploy.0 = Release|Any CPU
		{B61C1BF2-AF7E-4375-B277-241A800B683A}.Release|iPhoneSimulator.ActiveCfg = Release|Any CPU
		{B61C1BF2-AF7E-4375-B277-241A800B683A}.Release|iPhoneSimulator.Build.0 = Release|Any CPU
		{B61C1BF2-AF7E-4375-B277-241A800B683A}.Release|iPhoneSimulator.Deploy.0 = Release|Any CPU
	EndGlobalSection
	GlobalSection(SolutionProperties) = preSolution
		HideSolutionNode = FALSE
	EndGlobalSection
	GlobalSection(ExtensibilityGlobals) = postSolution
		SolutionGuid = {0D28027F-5D6B-4EA7-BF9D-641C6495A199}
	EndGlobalSection
EndGlobal
